
Microsoft Visual Studio Solution File, Format Version 12.00
# Visual Studio Version 16
VisualStudioVersion = 16.0.30104.148
MinimumVisualStudioVersion = 10.0.40219.1
Project("{FAE04EC0-301F-11D3-BF4B-00C04F79EFBC}") = "MutagenBootcamp", "MutagenBootcamp.csproj", "{A541FD77-38CF-4CD7-A7E6-B73B56DCBE25}"
EndProject
Project("{2150E333-8FDC-42A3-9474-1A3956D46DE8}") = "Solution Items", "Solution Items", "{611B81D4-D77B-4AB6-B6B9-22C3D8D90A0E}"
	ProjectSection(SolutionItems) = preProject
		.editorconfig = .editorconfig
	EndProjectSection
EndProject
Global
	GlobalSection(SolutionConfigurationPlatforms) = preSolution
		Debug|Any CPU = Debug|Any CPU
		Release|Any CPU = Release|Any CPU
	EndGlobalSection
	GlobalSection(ProjectConfigurationPlatforms) = postSolution
		{A541FD77-38CF-4CD7-A7E6-B73B56DCBE25}.Debug|Any CPU.ActiveCfg = Debug|Any CPU
		{A541FD77-38CF-4CD7-A7E6-B73B56DCBE25}.Debug|Any CPU.Build.0 = Debug|Any CPU
		{A541FD77-38CF-4CD7-A7E6-B73B56DCBE25}.Release|Any CPU.ActiveCfg = Release|Any CPU
		{A541FD77-38CF-4CD7-A7E6-B73B56DCBE25}.Release|Any CPU.Build.0 = Release|Any CPU
	EndGlobalSection
	GlobalSection(SolutionProperties) = preSolution
		HideSolutionNode = FALSE
	EndGlobalSection
	GlobalSection(ExtensibilityGlobals) = postSolution
		SolutionGuid = {B8792DB7-7CCD-4EAB-9E06-C81662149C0B}
	EndGlobalSection
EndGlobal
